
Microsoft Visual Studio Solution File, Format Version 12.00
Project("{FAE04EC0-301F-11D3-BF4B-00C04F79EFBC}") = "Archi", "Archi\Archi.csproj", "{798AE938-A183-4BC1-9D84-44A54A2FD998}"
EndProject
Global
	GlobalSection(SolutionConfigurationPlatforms) = preSolution
		Debug|Any CPU = Debug|Any CPU
		Release|Any CPU = Release|Any CPU
	EndGlobalSection
	GlobalSection(ProjectConfigurationPlatforms) = postSolution
		{798AE938-A183-4BC1-9D84-44A54A2FD998}.Debug|Any CPU.ActiveCfg = Debug|Any CPU
		{798AE938-A183-4BC1-9D84-44A54A2FD998}.Debug|Any CPU.Build.0 = Debug|Any CPU
		{798AE938-A183-4BC1-9D84-44A54A2FD998}.Release|Any CPU.ActiveCfg = Release|Any CPU
		{798AE938-A183-4BC1-9D84-44A54A2FD998}.Release|Any CPU.Build.0 = Release|Any CPU
	EndGlobalSection
EndGlobal
